// !$*UTF8*$!
{
	archiveVersion = 1;
	classes = {
	};
	objectVersion = 50;
	objects = {

/* Begin PBXBuildFile section */
		351FBFB522A68CBE007F9BB8 /* CancellableBag.swift in Sources */ = {isa = PBXBuildFile; fileRef = 351FBFB422A68CBE007F9BB8 /* CancellableBag.swift */; };
		356AFCCB22A617D700D472F0 /* AppDelegate.swift in Sources */ = {isa = PBXBuildFile; fileRef = 356AFCCA22A617D700D472F0 /* AppDelegate.swift */; };
		356AFCCD22A617D700D472F0 /* SceneDelegate.swift in Sources */ = {isa = PBXBuildFile; fileRef = 356AFCCC22A617D700D472F0 /* SceneDelegate.swift */; };
		356AFCD122A617D900D472F0 /* Assets.xcassets in Resources */ = {isa = PBXBuildFile; fileRef = 356AFCD022A617D900D472F0 /* Assets.xcassets */; };
		356AFCD422A617D900D472F0 /* Preview Assets.xcassets in Resources */ = {isa = PBXBuildFile; fileRef = 356AFCD322A617D900D472F0 /* Preview Assets.xcassets */; };
		356AFCD722A617D900D472F0 /* LaunchScreen.storyboard in Resources */ = {isa = PBXBuildFile; fileRef = 356AFCD522A617D900D472F0 /* LaunchScreen.storyboard */; };
		356AFCE322A6230800D472F0 /* Weather.swift in Sources */ = {isa = PBXBuildFile; fileRef = 356AFCE222A6230800D472F0 /* Weather.swift */; };
		356AFCE622A6248F00D472F0 /* WeatherAPI.swift in Sources */ = {isa = PBXBuildFile; fileRef = 356AFCE522A6248F00D472F0 /* WeatherAPI.swift */; };
		357EFDFA22A9172100432774 /* TabButton.swift in Sources */ = {isa = PBXBuildFile; fileRef = 357EFDF922A9172100432774 /* TabButton.swift */; };
		3582BAF722ACA31D00CF6EE6 /* Config.swift in Sources */ = {isa = PBXBuildFile; fileRef = 3582BAF622ACA31D00CF6EE6 /* Config.swift */; };
		3582BAF922ACA4B600CF6EE6 /* Config.plist in Resources */ = {isa = PBXBuildFile; fileRef = 3582BAF822ACA4B500CF6EE6 /* Config.plist */; };
		358804DC22A770CD00DAD63E /* SwiftUI+Ext.swift in Sources */ = {isa = PBXBuildFile; fileRef = 358804DB22A770CD00DAD63E /* SwiftUI+Ext.swift */; };
		358804E022A772B400DAD63E /* NetworkImageView.swift in Sources */ = {isa = PBXBuildFile; fileRef = 358804DF22A772B400DAD63E /* NetworkImageView.swift */; };
		358804E222A772F800DAD63E /* HttpFunctions.swift in Sources */ = {isa = PBXBuildFile; fileRef = 358804E122A772F800DAD63E /* HttpFunctions.swift */; };
		358D999222A9D1CE00CB68C9 /* 5day_sample.json in Resources */ = {isa = PBXBuildFile; fileRef = 358D999122A9D1CE00CB68C9 /* 5day_sample.json */; };
		358D999422A9D1FF00CB68C9 /* WeatherRepository.swift in Sources */ = {isa = PBXBuildFile; fileRef = 358D999322A9D1FF00CB68C9 /* WeatherRepository.swift */; };
		358D999622A9D31600CB68C9 /* ResourceFunctions.swift in Sources */ = {isa = PBXBuildFile; fileRef = 358D999522A9D31600CB68C9 /* ResourceFunctions.swift */; };
		35A6311322A9D49700940C06 /* Weather5DayViewModel.swift in Sources */ = {isa = PBXBuildFile; fileRef = 35A6311222A9D49700940C06 /* Weather5DayViewModel.swift */; };
		35A6311522A9D51B00940C06 /* Weather5DayView.swift in Sources */ = {isa = PBXBuildFile; fileRef = 35A6311422A9D51B00940C06 /* Weather5DayView.swift */; };
		35B1506C22A6571400BC52BB /* SwiftUI.framework in Frameworks */ = {isa = PBXBuildFile; fileRef = 35B1506B22A6571300BC52BB /* SwiftUI.framework */; };
		35B1507922A67CF700BC52BB /* AliasList.swift in Sources */ = {isa = PBXBuildFile; fileRef = 35B1507822A67CF700BC52BB /* AliasList.swift */; };
		35B440A322A8F08D0012D6C9 /* LocationRepository.swift in Sources */ = {isa = PBXBuildFile; fileRef = 35B440A222A8F08D0012D6C9 /* LocationRepository.swift */; };
		35B440A522A8F09B0012D6C9 /* CoreLocation.framework in Frameworks */ = {isa = PBXBuildFile; fileRef = 35B440A422A8F09B0012D6C9 /* CoreLocation.framework */; };
		35B440A722A8F6200012D6C9 /* CityListRepository.swift in Sources */ = {isa = PBXBuildFile; fileRef = 35B440A622A8F6200012D6C9 /* CityListRepository.swift */; };
		35DC39FB22A937AE00694DC0 /* MapKit.framework in Frameworks */ = {isa = PBXBuildFile; fileRef = 35DC39FA22A937AE00694DC0 /* MapKit.framework */; };
		35DC39FD22A937B800694DC0 /* MapView.swift in Sources */ = {isa = PBXBuildFile; fileRef = 35DC39FC22A937B800694DC0 /* MapView.swift */; };
		35DC39FF22A9409B00694DC0 /* city_list.json in Resources */ = {isa = PBXBuildFile; fileRef = 35DC39FE22A9409B00694DC0 /* city_list.json */; };
		35DC3A0122A9C64500694DC0 /* ColorTheme.swift in Sources */ = {isa = PBXBuildFile; fileRef = 35DC3A0022A9C64500694DC0 /* ColorTheme.swift */; };
		35EB645322A9012200061C40 /* City.swift in Sources */ = {isa = PBXBuildFile; fileRef = 35EB645222A9012200061C40 /* City.swift */; };
		35EB645522A906C200061C40 /* CitySelectViewModel.swift in Sources */ = {isa = PBXBuildFile; fileRef = 35EB645422A906C200061C40 /* CitySelectViewModel.swift */; };
		35EB645722A90EB300061C40 /* MainThreadScheduler.swift in Sources */ = {isa = PBXBuildFile; fileRef = 35EB645622A90EB300061C40 /* MainThreadScheduler.swift */; };
		35EB645922A910E500061C40 /* Combine+Ext.swift in Sources */ = {isa = PBXBuildFile; fileRef = 35EB645822A910E500061C40 /* Combine+Ext.swift */; };
		35EB645B22A911F900061C40 /* RootView.swift in Sources */ = {isa = PBXBuildFile; fileRef = 35EB645A22A911F900061C40 /* RootView.swift */; };
		35EB645D22A9120D00061C40 /* CitySelectView.swift in Sources */ = {isa = PBXBuildFile; fileRef = 35EB645C22A9120D00061C40 /* CitySelectView.swift */; };
/* End PBXBuildFile section */

/* Begin PBXFileReference section */
		351FBFB422A68CBE007F9BB8 /* CancellableBag.swift */ = {isa = PBXFileReference; lastKnownFileType = sourcecode.swift; path = CancellableBag.swift; sourceTree = "<group>"; };
		356AFCC722A617D700D472F0 /* sui_sample.app */ = {isa = PBXFileReference; explicitFileType = wrapper.application; includeInIndex = 0; path = sui_sample.app; sourceTree = BUILT_PRODUCTS_DIR; };
		356AFCCA22A617D700D472F0 /* AppDelegate.swift */ = {isa = PBXFileReference; lastKnownFileType = sourcecode.swift; path = AppDelegate.swift; sourceTree = "<group>"; };
		356AFCCC22A617D700D472F0 /* SceneDelegate.swift */ = {isa = PBXFileReference; lastKnownFileType = sourcecode.swift; path = SceneDelegate.swift; sourceTree = "<group>"; };
		356AFCD022A617D900D472F0 /* Assets.xcassets */ = {isa = PBXFileReference; lastKnownFileType = folder.assetcatalog; path = Assets.xcassets; sourceTree = "<group>"; };
		356AFCD322A617D900D472F0 /* Preview Assets.xcassets */ = {isa = PBXFileReference; lastKnownFileType = folder.assetcatalog; path = "Preview Assets.xcassets"; sourceTree = "<group>"; };
		356AFCD622A617D900D472F0 /* Base */ = {isa = PBXFileReference; lastKnownFileType = file.storyboard; name = Base; path = Base.lproj/LaunchScreen.storyboard; sourceTree = "<group>"; };
		356AFCD822A617D900D472F0 /* Info.plist */ = {isa = PBXFileReference; lastKnownFileType = text.plist.xml; path = Info.plist; sourceTree = "<group>"; };
		356AFCE222A6230800D472F0 /* Weather.swift */ = {isa = PBXFileReference; lastKnownFileType = sourcecode.swift; path = Weather.swift; sourceTree = "<group>"; };
		356AFCE522A6248F00D472F0 /* WeatherAPI.swift */ = {isa = PBXFileReference; lastKnownFileType = sourcecode.swift; path = WeatherAPI.swift; sourceTree = "<group>"; };
		357EFDF922A9172100432774 /* TabButton.swift */ = {isa = PBXFileReference; lastKnownFileType = sourcecode.swift; path = TabButton.swift; sourceTree = "<group>"; };
		3582BAF622ACA31D00CF6EE6 /* Config.swift */ = {isa = PBXFileReference; lastKnownFileType = sourcecode.swift; path = Config.swift; sourceTree = "<group>"; };
		3582BAF822ACA4B500CF6EE6 /* Config.plist */ = {isa = PBXFileReference; fileEncoding = 4; lastKnownFileType = text.plist.xml; path = Config.plist; sourceTree = "<group>"; };
		358804DB22A770CD00DAD63E /* SwiftUI+Ext.swift */ = {isa = PBXFileReference; lastKnownFileType = sourcecode.swift; path = "SwiftUI+Ext.swift"; sourceTree = "<group>"; };
		358804DF22A772B400DAD63E /* NetworkImageView.swift */ = {isa = PBXFileReference; lastKnownFileType = sourcecode.swift; path = NetworkImageView.swift; sourceTree = "<group>"; };
		358804E122A772F800DAD63E /* HttpFunctions.swift */ = {isa = PBXFileReference; lastKnownFileType = sourcecode.swift; path = HttpFunctions.swift; sourceTree = "<group>"; };
		358D999122A9D1CE00CB68C9 /* 5day_sample.json */ = {isa = PBXFileReference; fileEncoding = 4; lastKnownFileType = text.json; path = 5day_sample.json; sourceTree = "<group>"; };
		358D999322A9D1FF00CB68C9 /* WeatherRepository.swift */ = {isa = PBXFileReference; lastKnownFileType = sourcecode.swift; path = WeatherRepository.swift; sourceTree = "<group>"; };
		358D999522A9D31600CB68C9 /* ResourceFunctions.swift */ = {isa = PBXFileReference; lastKnownFileType = sourcecode.swift; path = ResourceFunctions.swift; sourceTree = "<group>"; };
		35A6311222A9D49700940C06 /* Weather5DayViewModel.swift */ = {isa = PBXFileReference; lastKnownFileType = sourcecode.swift; path = Weather5DayViewModel.swift; sourceTree = "<group>"; };
		35A6311422A9D51B00940C06 /* Weather5DayView.swift */ = {isa = PBXFileReference; lastKnownFileType = sourcecode.swift; path = Weather5DayView.swift; sourceTree = "<group>"; };
		35B1506B22A6571300BC52BB /* SwiftUI.framework */ = {isa = PBXFileReference; lastKnownFileType = wrapper.framework; name = SwiftUI.framework; path = System/Library/Frameworks/SwiftUI.framework; sourceTree = SDKROOT; };
		35B1507822A67CF700BC52BB /* AliasList.swift */ = {isa = PBXFileReference; lastKnownFileType = sourcecode.swift; path = AliasList.swift; sourceTree = "<group>"; };
		35B440A222A8F08D0012D6C9 /* LocationRepository.swift */ = {isa = PBXFileReference; lastKnownFileType = sourcecode.swift; path = LocationRepository.swift; sourceTree = "<group>"; };
		35B440A422A8F09B0012D6C9 /* CoreLocation.framework */ = {isa = PBXFileReference; lastKnownFileType = wrapper.framework; name = CoreLocation.framework; path = System/Library/Frameworks/CoreLocation.framework; sourceTree = SDKROOT; };
		35B440A622A8F6200012D6C9 /* CityListRepository.swift */ = {isa = PBXFileReference; lastKnownFileType = sourcecode.swift; path = CityListRepository.swift; sourceTree = "<group>"; };
		35DC39FA22A937AE00694DC0 /* MapKit.framework */ = {isa = PBXFileReference; lastKnownFileType = wrapper.framework; name = MapKit.framework; path = System/Library/Frameworks/MapKit.framework; sourceTree = SDKROOT; };
		35DC39FC22A937B800694DC0 /* MapView.swift */ = {isa = PBXFileReference; lastKnownFileType = sourcecode.swift; path = MapView.swift; sourceTree = "<group>"; };
		35DC39FE22A9409B00694DC0 /* city_list.json */ = {isa = PBXFileReference; fileEncoding = 4; lastKnownFileType = text.json; path = city_list.json; sourceTree = "<group>"; };
		35DC3A0022A9C64500694DC0 /* ColorTheme.swift */ = {isa = PBXFileReference; lastKnownFileType = sourcecode.swift; path = ColorTheme.swift; sourceTree = "<group>"; };
		35EB645222A9012200061C40 /* City.swift */ = {isa = PBXFileReference; lastKnownFileType = sourcecode.swift; path = City.swift; sourceTree = "<group>"; };
		35EB645422A906C200061C40 /* CitySelectViewModel.swift */ = {isa = PBXFileReference; lastKnownFileType = sourcecode.swift; path = CitySelectViewModel.swift; sourceTree = "<group>"; };
		35EB645622A90EB300061C40 /* MainThreadScheduler.swift */ = {isa = PBXFileReference; lastKnownFileType = sourcecode.swift; path = MainThreadScheduler.swift; sourceTree = "<group>"; };
		35EB645822A910E500061C40 /* Combine+Ext.swift */ = {isa = PBXFileReference; lastKnownFileType = sourcecode.swift; path = "Combine+Ext.swift"; sourceTree = "<group>"; };
		35EB645A22A911F900061C40 /* RootView.swift */ = {isa = PBXFileReference; lastKnownFileType = sourcecode.swift; path = RootView.swift; sourceTree = "<group>"; };
		35EB645C22A9120D00061C40 /* CitySelectView.swift */ = {isa = PBXFileReference; lastKnownFileType = sourcecode.swift; path = CitySelectView.swift; sourceTree = "<group>"; };
/* End PBXFileReference section */

/* Begin PBXFrameworksBuildPhase section */
		356AFCC422A617D700D472F0 /* Frameworks */ = {
			isa = PBXFrameworksBuildPhase;
			buildActionMask = 2147483647;
			files = (
				35B440A522A8F09B0012D6C9 /* CoreLocation.framework in Frameworks */,
				35DC39FB22A937AE00694DC0 /* MapKit.framework in Frameworks */,
				35B1506C22A6571400BC52BB /* SwiftUI.framework in Frameworks */,
			);
			runOnlyForDeploymentPostprocessing = 0;
		};
/* End PBXFrameworksBuildPhase section */

/* Begin PBXGroup section */
		356AFCBE22A617D700D472F0 = {
			isa = PBXGroup;
			children = (
				356AFCC922A617D700D472F0 /* sui_sample */,
				356AFCC822A617D700D472F0 /* Products */,
				35B1506A22A6571300BC52BB /* Frameworks */,
			);
			sourceTree = "<group>";
		};
		356AFCC822A617D700D472F0 /* Products */ = {
			isa = PBXGroup;
			children = (
				356AFCC722A617D700D472F0 /* sui_sample.app */,
			);
			name = Products;
			sourceTree = "<group>";
		};
		356AFCC922A617D700D472F0 /* sui_sample */ = {
			isa = PBXGroup;
			children = (
				35B440AA22A8F6AC0012D6C9 /* asset */,
				356AFCDE22A61C3C00D472F0 /* Entity */,
				356AFCE422A6248600D472F0 /* Network */,
				358804DE22A772A100DAD63E /* PartsView */,
				35B440A122A8F0810012D6C9 /* Repository */,
				356AFCE122A61DF800D472F0 /* View */,
				35B1506D22A6579A00BC52BB /* ViewModel */,
				35B1507722A67CE800BC52BB /* Utils */,
				356AFCCA22A617D700D472F0 /* AppDelegate.swift */,
				35EB645A22A911F900061C40 /* RootView.swift */,
				356AFCCC22A617D700D472F0 /* SceneDelegate.swift */,
				35DC3A0022A9C64500694DC0 /* ColorTheme.swift */,
				3582BAF622ACA31D00CF6EE6 /* Config.swift */,
				356AFCD022A617D900D472F0 /* Assets.xcassets */,
				356AFCD522A617D900D472F0 /* LaunchScreen.storyboard */,
				356AFCD822A617D900D472F0 /* Info.plist */,
				3582BAF822ACA4B500CF6EE6 /* Config.plist */,
				356AFCD222A617D900D472F0 /* Preview Content */,
			);
			path = sui_sample;
			sourceTree = "<group>";
		};
		356AFCD222A617D900D472F0 /* Preview Content */ = {
			isa = PBXGroup;
			children = (
				356AFCD322A617D900D472F0 /* Preview Assets.xcassets */,
			);
			path = "Preview Content";
			sourceTree = "<group>";
		};
		356AFCDE22A61C3C00D472F0 /* Entity */ = {
			isa = PBXGroup;
			children = (
				35EB645222A9012200061C40 /* City.swift */,
				356AFCE222A6230800D472F0 /* Weather.swift */,
			);
			path = Entity;
			sourceTree = "<group>";
		};
		356AFCE122A61DF800D472F0 /* View */ = {
			isa = PBXGroup;
			children = (
				35EB645C22A9120D00061C40 /* CitySelectView.swift */,
				35A6311422A9D51B00940C06 /* Weather5DayView.swift */,
			);
			path = View;
			sourceTree = "<group>";
		};
		356AFCE422A6248600D472F0 /* Network */ = {
			isa = PBXGroup;
			children = (
				358804E122A772F800DAD63E /* HttpFunctions.swift */,
				358D999522A9D31600CB68C9 /* ResourceFunctions.swift */,
				356AFCE522A6248F00D472F0 /* WeatherAPI.swift */,
			);
			path = Network;
			sourceTree = "<group>";
		};
		358804DE22A772A100DAD63E /* PartsView */ = {
			isa = PBXGroup;
			children = (
				358804DF22A772B400DAD63E /* NetworkImageView.swift */,
				357EFDF922A9172100432774 /* TabButton.swift */,
				35DC39FC22A937B800694DC0 /* MapView.swift */,
			);
			path = PartsView;
			sourceTree = "<group>";
		};
		35B1506A22A6571300BC52BB /* Frameworks */ = {
			isa = PBXGroup;
			children = (
				35DC39FA22A937AE00694DC0 /* MapKit.framework */,
				35B440A422A8F09B0012D6C9 /* CoreLocation.framework */,
				35B1506B22A6571300BC52BB /* SwiftUI.framework */,
			);
			name = Frameworks;
			sourceTree = "<group>";
		};
		35B1506D22A6579A00BC52BB /* ViewModel */ = {
			isa = PBXGroup;
			children = (
				35EB645422A906C200061C40 /* CitySelectViewModel.swift */,
				35A6311222A9D49700940C06 /* Weather5DayViewModel.swift */,
			);
			path = ViewModel;
			sourceTree = "<group>";
		};
		35B1507722A67CE800BC52BB /* Utils */ = {
			isa = PBXGroup;
			children = (
				35B1507822A67CF700BC52BB /* AliasList.swift */,
				351FBFB422A68CBE007F9BB8 /* CancellableBag.swift */,
				35EB645822A910E500061C40 /* Combine+Ext.swift */,
				35EB645622A90EB300061C40 /* MainThreadScheduler.swift */,
				358804DB22A770CD00DAD63E /* SwiftUI+Ext.swift */,
			);
			path = Utils;
			sourceTree = "<group>";
		};
		35B440A122A8F0810012D6C9 /* Repository */ = {
			isa = PBXGroup;
			children = (
				35B440A222A8F08D0012D6C9 /* LocationRepository.swift */,
				35B440A622A8F6200012D6C9 /* CityListRepository.swift */,
				358D999322A9D1FF00CB68C9 /* WeatherRepository.swift */,
			);
			path = Repository;
			sourceTree = "<group>";
		};
		35B440AA22A8F6AC0012D6C9 /* asset */ = {
			isa = PBXGroup;
			children = (
				358D999122A9D1CE00CB68C9 /* 5day_sample.json */,
				35DC39FE22A9409B00694DC0 /* city_list.json */,
			);
			path = asset;
			sourceTree = "<group>";
		};
/* End PBXGroup section */

/* Begin PBXNativeTarget section */
		356AFCC622A617D700D472F0 /* sui_sample */ = {
			isa = PBXNativeTarget;
			buildConfigurationList = 356AFCDB22A617D900D472F0 /* Build configuration list for PBXNativeTarget "sui_sample" */;
			buildPhases = (
				356AFCC322A617D700D472F0 /* Sources */,
				356AFCC422A617D700D472F0 /* Frameworks */,
				356AFCC522A617D700D472F0 /* Resources */,
			);
			buildRules = (
			);
			dependencies = (
			);
			name = sui_sample;
			productName = sui_sample;
			productReference = 356AFCC722A617D700D472F0 /* sui_sample.app */;
			productType = "com.apple.product-type.application";
		};
/* End PBXNativeTarget section */

/* Begin PBXProject section */
		356AFCBF22A617D700D472F0 /* Project object */ = {
			isa = PBXProject;
			attributes = {
				LastSwiftUpdateCheck = 1100;
				LastUpgradeCheck = 1300;
				ORGANIZATIONNAME = naodroid;
				TargetAttributes = {
					356AFCC622A617D700D472F0 = {
						CreatedOnToolsVersion = 11.0;
					};
				};
			};
			buildConfigurationList = 356AFCC222A617D700D472F0 /* Build configuration list for PBXProject "sui_sample" */;
			compatibilityVersion = "Xcode 9.3";
			developmentRegion = en;
			hasScannedForEncodings = 0;
			knownRegions = (
				en,
				Base,
			);
			mainGroup = 356AFCBE22A617D700D472F0;
			productRefGroup = 356AFCC822A617D700D472F0 /* Products */;
			projectDirPath = "";
			projectRoot = "";
			targets = (
				356AFCC622A617D700D472F0 /* sui_sample */,
			);
		};
/* End PBXProject section */

/* Begin PBXResourcesBuildPhase section */
		356AFCC522A617D700D472F0 /* Resources */ = {
			isa = PBXResourcesBuildPhase;
			buildActionMask = 2147483647;
			files = (
				356AFCD722A617D900D472F0 /* LaunchScreen.storyboard in Resources */,
				356AFCD422A617D900D472F0 /* Preview Assets.xcassets in Resources */,
				35DC39FF22A9409B00694DC0 /* city_list.json in Resources */,
				356AFCD122A617D900D472F0 /* Assets.xcassets in Resources */,
				3582BAF922ACA4B600CF6EE6 /* Config.plist in Resources */,
				358D999222A9D1CE00CB68C9 /* 5day_sample.json in Resources */,
			);
			runOnlyForDeploymentPostprocessing = 0;
		};
/* End PBXResourcesBuildPhase section */

/* Begin PBXSourcesBuildPhase section */
		356AFCC322A617D700D472F0 /* Sources */ = {
			isa = PBXSourcesBuildPhase;
			buildActionMask = 2147483647;
			files = (
				35EB645D22A9120D00061C40 /* CitySelectView.swift in Sources */,
				35DC39FD22A937B800694DC0 /* MapView.swift in Sources */,
				3582BAF722ACA31D00CF6EE6 /* Config.swift in Sources */,
				356AFCCB22A617D700D472F0 /* AppDelegate.swift in Sources */,
				35A6311322A9D49700940C06 /* Weather5DayViewModel.swift in Sources */,
				356AFCCD22A617D700D472F0 /* SceneDelegate.swift in Sources */,
				35EB645522A906C200061C40 /* CitySelectViewModel.swift in Sources */,
				358804E022A772B400DAD63E /* NetworkImageView.swift in Sources */,
				35A6311522A9D51B00940C06 /* Weather5DayView.swift in Sources */,
				356AFCE622A6248F00D472F0 /* WeatherAPI.swift in Sources */,
				35EB645722A90EB300061C40 /* MainThreadScheduler.swift in Sources */,
				35B440A322A8F08D0012D6C9 /* LocationRepository.swift in Sources */,
				35DC3A0122A9C64500694DC0 /* ColorTheme.swift in Sources */,
				358D999422A9D1FF00CB68C9 /* WeatherRepository.swift in Sources */,
				35B440A722A8F6200012D6C9 /* CityListRepository.swift in Sources */,
				35EB645B22A911F900061C40 /* RootView.swift in Sources */,
				35EB645322A9012200061C40 /* City.swift in Sources */,
				351FBFB522A68CBE007F9BB8 /* CancellableBag.swift in Sources */,
				35EB645922A910E500061C40 /* Combine+Ext.swift in Sources */,
				358D999622A9D31600CB68C9 /* ResourceFunctions.swift in Sources */,
				358804DC22A770CD00DAD63E /* SwiftUI+Ext.swift in Sources */,
				358804E222A772F800DAD63E /* HttpFunctions.swift in Sources */,
				356AFCE322A6230800D472F0 /* Weather.swift in Sources */,
				35B1507922A67CF700BC52BB /* AliasList.swift in Sources */,
				357EFDFA22A9172100432774 /* TabButton.swift in Sources */,
			);
			runOnlyForDeploymentPostprocessing = 0;
		};
/* End PBXSourcesBuildPhase section */

/* Begin PBXVariantGroup section */
		356AFCD522A617D900D472F0 /* LaunchScreen.storyboard */ = {
			isa = PBXVariantGroup;
			children = (
				356AFCD622A617D900D472F0 /* Base */,
			);
			name = LaunchScreen.storyboard;
			sourceTree = "<group>";
		};
/* End PBXVariantGroup section */

/* Begin XCBuildConfiguration section */
		356AFCD922A617D900D472F0 /* Debug */ = {
			isa = XCBuildConfiguration;
			buildSettings = {
				ALWAYS_SEARCH_USER_PATHS = NO;
				CLANG_ANALYZER_NONNULL = YES;
				CLANG_ANALYZER_NUMBER_OBJECT_CONVERSION = YES_AGGRESSIVE;
				CLANG_CXX_LANGUAGE_STANDARD = "gnu++14";
				CLANG_CXX_LIBRARY = "libc++";
				CLANG_ENABLE_MODULES = YES;
				CLANG_ENABLE_OBJC_ARC = YES;
				CLANG_ENABLE_OBJC_WEAK = YES;
				CLANG_WARN_BLOCK_CAPTURE_AUTORELEASING = YES;
				CLANG_WARN_BOOL_CONVERSION = YES;
				CLANG_WARN_COMMA = YES;
				CLANG_WARN_CONSTANT_CONVERSION = YES;
				CLANG_WARN_DEPRECATED_OBJC_IMPLEMENTATIONS = YES;
				CLANG_WARN_DIRECT_OBJC_ISA_USAGE = YES_ERROR;
				CLANG_WARN_DOCUMENTATION_COMMENTS = YES;
				CLANG_WARN_EMPTY_BODY = YES;
				CLANG_WARN_ENUM_CONVERSION = YES;
				CLANG_WARN_INFINITE_RECURSION = YES;
				CLANG_WARN_INT_CONVERSION = YES;
				CLANG_WARN_NON_LITERAL_NULL_CONVERSION = YES;
				CLANG_WARN_OBJC_IMPLICIT_RETAIN_SELF = YES;
				CLANG_WARN_OBJC_LITERAL_CONVERSION = YES;
				CLANG_WARN_OBJC_ROOT_CLASS = YES_ERROR;
				CLANG_WARN_QUOTED_INCLUDE_IN_FRAMEWORK_HEADER = YES;
				CLANG_WARN_RANGE_LOOP_ANALYSIS = YES;
				CLANG_WARN_STRICT_PROTOTYPES = YES;
				CLANG_WARN_SUSPICIOUS_MOVE = YES;
				CLANG_WARN_UNGUARDED_AVAILABILITY = YES_AGGRESSIVE;
				CLANG_WARN_UNREACHABLE_CODE = YES;
				CLANG_WARN__DUPLICATE_METHOD_MATCH = YES;
				COPY_PHASE_STRIP = NO;
				DEBUG_INFORMATION_FORMAT = dwarf;
				ENABLE_STRICT_OBJC_MSGSEND = YES;
				ENABLE_TESTABILITY = YES;
				GCC_C_LANGUAGE_STANDARD = gnu11;
				GCC_DYNAMIC_NO_PIC = NO;
				GCC_NO_COMMON_BLOCKS = YES;
				GCC_OPTIMIZATION_LEVEL = 0;
				GCC_PREPROCESSOR_DEFINITIONS = (
					"DEBUG=1",
					"$(inherited)",
				);
				GCC_WARN_64_TO_32_BIT_CONVERSION = YES;
				GCC_WARN_ABOUT_RETURN_TYPE = YES_ERROR;
				GCC_WARN_UNDECLARED_SELECTOR = YES;
				GCC_WARN_UNINITIALIZED_AUTOS = YES_AGGRESSIVE;
				GCC_WARN_UNUSED_FUNCTION = YES;
				GCC_WARN_UNUSED_VARIABLE = YES;
				IPHONEOS_DEPLOYMENT_TARGET = 15.0;
				MTL_ENABLE_DEBUG_INFO = INCLUDE_SOURCE;
				MTL_FAST_MATH = YES;
				ONLY_ACTIVE_ARCH = YES;
				SDKROOT = iphoneos;
				SWIFT_ACTIVE_COMPILATION_CONDITIONS = DEBUG;
				SWIFT_OPTIMIZATION_LEVEL = "-Onone";
			};
			name = Debug;
		};
		356AFCDA22A617D900D472F0 /* Release */ = {
			isa = XCBuildConfiguration;
			buildSettings = {
				ALWAYS_SEARCH_USER_PATHS = NO;
				CLANG_ANALYZER_NONNULL = YES;
				CLANG_ANALYZER_NUMBER_OBJECT_CONVERSION = YES_AGGRESSIVE;
				CLANG_CXX_LANGUAGE_STANDARD = "gnu++14";
				CLANG_CXX_LIBRARY = "libc++";
				CLANG_ENABLE_MODULES = YES;
				CLANG_ENABLE_OBJC_ARC = YES;
				CLANG_ENABLE_OBJC_WEAK = YES;
				CLANG_WARN_BLOCK_CAPTURE_AUTORELEASING = YES;
				CLANG_WARN_BOOL_CONVERSION = YES;
				CLANG_WARN_COMMA = YES;
				CLANG_WARN_CONSTANT_CONVERSION = YES;
				CLANG_WARN_DEPRECATED_OBJC_IMPLEMENTATIONS = YES;
				CLANG_WARN_DIRECT_OBJC_ISA_USAGE = YES_ERROR;
				CLANG_WARN_DOCUMENTATION_COMMENTS = YES;
				CLANG_WARN_EMPTY_BODY = YES;
				CLANG_WARN_ENUM_CONVERSION = YES;
				CLANG_WARN_INFINITE_RECURSION = YES;
				CLANG_WARN_INT_CONVERSION = YES;
				CLANG_WARN_NON_LITERAL_NULL_CONVERSION = YES;
				CLANG_WARN_OBJC_IMPLICIT_RETAIN_SELF = YES;
				CLANG_WARN_OBJC_LITERAL_CONVERSION = YES;
				CLANG_WARN_OBJC_ROOT_CLASS = YES_ERROR;
				CLANG_WARN_QUOTED_INCLUDE_IN_FRAMEWORK_HEADER = YES;
				CLANG_WARN_RANGE_LOOP_ANALYSIS = YES;
				CLANG_WARN_STRICT_PROTOTYPES = YES;
				CLANG_WARN_SUSPICIOUS_MOVE = YES;
				CLANG_WARN_UNGUARDED_AVAILABILITY = YES_AGGRESSIVE;
				CLANG_WARN_UNREACHABLE_CODE = YES;
				CLANG_WARN__DUPLICATE_METHOD_MATCH = YES;
				COPY_PHASE_STRIP = NO;
				DEBUG_INFORMATION_FORMAT = "dwarf-with-dsym";
				ENABLE_NS_ASSERTIONS = NO;
				ENABLE_STRICT_OBJC_MSGSEND = YES;
				GCC_C_LANGUAGE_STANDARD = gnu11;
				GCC_NO_COMMON_BLOCKS = YES;
				GCC_WARN_64_TO_32_BIT_CONVERSION = YES;
				GCC_WARN_ABOUT_RETURN_TYPE = YES_ERROR;
				GCC_WARN_UNDECLARED_SELECTOR = YES;
				GCC_WARN_UNINITIALIZED_AUTOS = YES_AGGRESSIVE;
				GCC_WARN_UNUSED_FUNCTION = YES;
				GCC_WARN_UNUSED_VARIABLE = YES;
				IPHONEOS_DEPLOYMENT_TARGET = 15.0;
				MTL_ENABLE_DEBUG_INFO = NO;
				MTL_FAST_MATH = YES;
				SDKROOT = iphoneos;
				SWIFT_COMPILATION_MODE = wholemodule;
				SWIFT_OPTIMIZATION_LEVEL = "-O";
				VALIDATE_PRODUCT = YES;
			};
			name = Release;
		};
		356AFCDC22A617D900D472F0 /* Debug */ = {
			isa = XCBuildConfiguration;
			buildSettings = {
				ASSETCATALOG_COMPILER_APPICON_NAME = AppIcon;
				CODE_SIGN_STYLE = Manual;
				DEVELOPMENT_ASSET_PATHS = "sui_sample/Preview\\ Content";
				DEVELOPMENT_TEAM = "";
				ENABLE_PREVIEWS = YES;
				INFOPLIST_FILE = sui_sample/Info.plist;
				LD_RUNPATH_SEARCH_PATHS = (
					"$(inherited)",
					"@executable_path/Frameworks",
				);
				PRODUCT_BUNDLE_IDENTIFIER = "com.github.naodroid.sui-sample";
				PRODUCT_NAME = "$(TARGET_NAME)";
				PROVISIONING_PROFILE_SPECIFIER = "";
				SWIFT_VERSION = 5.0;
				TARGETED_DEVICE_FAMILY = "1,2";
			};
			name = Debug;
		};
		356AFCDD22A617D900D472F0 /* Release */ = {
			isa = XCBuildConfiguration;
			buildSettings = {
				ASSETCATALOG_COMPILER_APPICON_NAME = AppIcon;
				CODE_SIGN_STYLE = Manual;
				DEVELOPMENT_ASSET_PATHS = "sui_sample/Preview\\ Content";
				DEVELOPMENT_TEAM = "";
				ENABLE_PREVIEWS = YES;
				INFOPLIST_FILE = sui_sample/Info.plist;
				LD_RUNPATH_SEARCH_PATHS = (
					"$(inherited)",
					"@executable_path/Frameworks",
				);
				PRODUCT_BUNDLE_IDENTIFIER = "com.github.naodroid.sui-sample";
				PRODUCT_NAME = "$(TARGET_NAME)";
				PROVISIONING_PROFILE_SPECIFIER = "";
				SWIFT_VERSION = 5.0;
				TARGETED_DEVICE_FAMILY = "1,2";
			};
			name = Release;
		};
/* End XCBuildConfiguration section */

/* Begin XCConfigurationList section */
		356AFCC222A617D700D472F0 /* Build configuration list for PBXProject "sui_sample" */ = {
			isa = XCConfigurationList;
			buildConfigurations = (
				356AFCD922A617D900D472F0 /* Debug */,
				356AFCDA22A617D900D472F0 /* Release */,
			);
			defaultConfigurationIsVisible = 0;
			defaultConfigurationName = Release;
		};
		356AFCDB22A617D900D472F0 /* Build configuration list for PBXNativeTarget "sui_sample" */ = {
			isa = XCConfigurationList;
			buildConfigurations = (
				356AFCDC22A617D900D472F0 /* Debug */,
				356AFCDD22A617D900D472F0 /* Release */,
			);
			defaultConfigurationIsVisible = 0;
			defaultConfigurationName = Release;
		};
/* End XCConfigurationList section */
	};
	rootObject = 356AFCBF22A617D700D472F0 /* Project object */;
}
